<?xml version="1.0" encoding="utf-8"?>
<Project ToolsVersion="4.0" xmlns="http://schemas.microsoft.com/developer/msbuild/2003">
  <ItemGroup>
    <Filter Include="Source Files">
      <UniqueIdentifier>{4FC737F1-C7A5-4376-A066-2A32D752A2FF}</UniqueIdentifier>
      <Extensions>cpp;c;cc;cxx;def;odl;idl;hpj;bat;asm;asmx</Extensions>
    </Filter>
    <Filter Include="Header Files">
      <UniqueIdentifier>{93995380-89BD-4b04-88EB-625FBE52EBFB}</UniqueIdentifier>
      <Extensions>h;hpp;hxx;hm;inl;inc;xsd</Extensions>
    </Filter>
    <Filter Include="Resource Files">
      <UniqueIdentifier>{67DA6AB6-F800-4c08-8B7A-83BB121AAD01}</UniqueIdentifier>
      <Extensions>rc;ico;cur;bmp;dlg;rc2;rct;bin;rgs;gif;jpg;jpeg;jpe;resx;tiff;tif;png;wav;mfcribbon-ms</Extensions>
    </Filter>
  </ItemGroup>
  <ItemGroup>
    <ClInclude Include="header.h">
      <Filter>Header Files</Filter>
    </ClInclude>
    <ClInclude Include="string-practice.h">
      <Filter>Resource Files</Filter>
    </ClInclude>
  </ItemGroup>
  <ItemGroup>
    <ClCompile Include="Main.cpp">
      <Filter>Source Files</Filter>
    </ClCompile>
    <ClCompile Include="fibbonacci.cpp">
      <Filter>Resource Files</Filter>
    </ClCompile>
    <ClCompile Include="factorial.cpp">
      <Filter>Resource Files</Filter>
    </ClCompile>
    <ClCompile Include="prime.cpp">
      <Filter>Resource Files</Filter>
    </ClCompile>
    <ClCompile Include="digit-reverse.cpp">
      <Filter>Resource Files</Filter>
    </ClCompile>
    <ClCompile Include="digit-sum.cpp">
      <Filter>Resource Files</Filter>
    </ClCompile>
    <ClCompile Include="number-generic root.cpp">
      <Filter>Resource Files</Filter>
    </ClCompile>
    <ClCompile Include="digit-largest.cpp">
      <Filter>Resource Files</Filter>
    </ClCompile>
    <ClCompile Include="digit-smallest.cpp">
      <Filter>Resource Files</Filter>
    </ClCompile>
    <ClCompile Include="digit-count.cpp">
      <Filter>Resource Files</Filter>
    </ClCompile>
    <ClCompile Include="pattern-1.cpp">
      <Filter>Resource Files</Filter>
    </ClCompile>
    <ClCompile Include="pattern-2.cpp">
      <Filter>Resource Files</Filter>
    </ClCompile>
    <ClCompile Include="pattern-3.cpp">
      <Filter>Resource Files</Filter>
    </ClCompile>
    <ClCompile Include="pattern-4.cpp">
      <Filter>Resource Files</Filter>
    </ClCompile>
    <ClCompile Include="pattern-5.cpp">
      <Filter>Resource Files</Filter>
    </ClCompile>
    <ClCompile Include="pattern-6.cpp">
      <Filter>Resource Files</Filter>
    </ClCompile>
    <ClCompile Include="pattern-7.cpp">
      <Filter>Resource Files</Filter>
    </ClCompile>
    <ClCompile Include="pattern-8.cpp">
      <Filter>Resource Files</Filter>
    </ClCompile>
    <ClCompile Include="pattern-9.cpp">
      <Filter>Resource Files</Filter>
    </ClCompile>
    <ClCompile Include="pattern-10.cpp">
      <Filter>Resource Files</Filter>
    </ClCompile>
    <ClCompile Include="pattern-11.cpp">
      <Filter>Resource Files</Filter>
    </ClCompile>
    <ClCompile Include="pattern-12.cpp">
      <Filter>Resource Files</Filter>
    </ClCompile>
    <ClCompile Include="pattern-13.cpp">
      <Filter>Resource Files</Filter>
    </ClCompile>
    <ClCompile Include="pattern-14.cpp">
      <Filter>Resource Files</Filter>
    </ClCompile>
    <ClCompile Include="pattern-15.cpp">
      <Filter>Resource Files</Filter>
    </ClCompile>
    <ClCompile Include="pattern-16.cpp">
      <Filter>Resource Files</Filter>
    </ClCompile>
    <ClCompile Include="pattern-17.cpp">
      <Filter>Resource Files</Filter>
    </ClCompile>
    <ClCompile Include="pattern-18.cpp">
      <Filter>Resource Files</Filter>
    </ClCompile>
    <ClCompile Include="pattern-19.cpp">
      <Filter>Resource Files</Filter>
    </ClCompile>
    <ClCompile Include="pattern-20.cpp">
      <Filter>Resource Files</Filter>
    </ClCompile>
    <ClCompile Include="pattern-21.cpp">
      <Filter>Resource Files</Filter>
    </ClCompile>
    <ClCompile Include="pattern-22.cpp">
      <Filter>Resource Files</Filter>
    </ClCompile>
    <ClCompile Include="pattern-23.cpp">
      <Filter>Resource Files</Filter>
    </ClCompile>
    <ClCompile Include="string-length.cpp">
      <Filter>Resource Files</Filter>
    </ClCompile>
    <ClCompile Include="string-white_space.cpp">
      <Filter>Resource Files</Filter>
    </ClCompile>
    <ClCompile Include="string-no_char.cpp">
      <Filter>Resource Files</Filter>
    </ClCompile>
    <ClCompile Include="string-occurance_of_char.cpp">
      <Filter>Resource Files</Filter>
    </ClCompile>
    <ClCompile Include="string-char_first_occurance.cpp">
      <Filter>Resource Files</Filter>
    </ClCompile>
    <ClCompile Include="string-char_last_occurance.cpp">
      <Filter>Resource Files</Filter>
    </ClCompile>
    <ClCompile Include="string-occurance_of_word.cpp">
      <Filter>Resource Files</Filter>
    </ClCompile>
    <ClCompile Include="string-count_small_char.cpp">
      <Filter>Resource Files</Filter>
    </ClCompile>
    <ClCompile Include="string-count_small_chapital_digits.cpp">
      <Filter>Resource Files</Filter>
    </ClCompile>
    <ClCompile Include="string-toggle.cpp">
      <Filter>Resource Files</Filter>
    </ClCompile>
    <ClCompile Include="string-reverse.cpp">
      <Filter>Resource Files</Filter>
    </ClCompile>
    <ClCompile Include="string-palindrome.cpp">
      <Filter>Resource Files</Filter>
    </ClCompile>
    <ClCompile Include="string-palindrome2.cpp">
      <Filter>Resource Files</Filter>
    </ClCompile>
    <ClCompile Include="string-strlen_withoutLoop.cpp">
      <Filter>Resource Files</Filter>
    </ClCompile>
    <ClCompile Include="string-length_of_firstword_withoutLoopBody.cpp">
      <Filter>Resource Files</Filter>
    </ClCompile>
    <ClCompile Include="string-copy.cpp">
      <Filter>Resource Files</Filter>
    </ClCompile>
    <ClCompile Include="string-reversecopy.cpp">
      <Filter>Resource Files</Filter>
    </ClCompile>
    <ClCompile Include="string-copy_to_number.cpp">
      <Filter>Resource Files</Filter>
    </ClCompile>
    <ClCompile Include="string-concat.cpp">
      <Filter>Resource Files</Filter>
    </ClCompile>
    <ClCompile Include="string-compair.cpp">
      <Filter>Resource Files</Filter>
    </ClCompile>
    <ClCompile Include="string-countWords.cpp">
      <Filter>Resource Files</Filter>
    </ClCompile>
    <ClCompile Include="string-lastword.cpp">
      <Filter>Resource Files</Filter>
    </ClCompile>
    <ClCompile Include="recursion-print_star.cpp">
      <Filter>Resource Files</Filter>
    </ClCompile>
    <ClCompile Include="recursion-number_decresing.cpp">
      <Filter>Resource Files</Filter>
    </ClCompile>
    <ClCompile Include="recursion-pattern2.cpp">
      <Filter>Resource Files</Filter>
    </ClCompile>
    <ClCompile Include="recursion-count_digit.cpp">
      <Filter>Resource Files</Filter>
    </ClCompile>
    <ClCompile Include="recursion-pattern3.cpp">
      <Filter>Resource Files</Filter>
    </ClCompile>
    <ClCompile Include="string-practice.cpp">
      <Filter>Resource Files</Filter>
    </ClCompile>
  </ItemGroup>
</Project>